
Microsoft Visual Studio Solution File, Format Version 12.00
# Visual Studio Version 16
VisualStudioVersion = 16.0.33214.272
MinimumVisualStudioVersion = 10.0.40219.1
Project("{9092AA53-FB77-4645-B42D-1CCCA6BD08BD}") = "NodejsWebApp1", "NodejsWebApp1\NodejsWebApp1.njsproj", "{0AAD57DA-924B-4CD8-A047-E9893EE85A0A}"
EndProject
Global
	GlobalSection(SolutionConfigurationPlatforms) = preSolution
		Debug|Any CPU = Debug|Any CPU
		Release|Any CPU = Release|Any CPU
	EndGlobalSection
	GlobalSection(ProjectConfigurationPlatforms) = postSolution
		{0AAD57DA-924B-4CD8-A047-E9893EE85A0A}.Debug|Any CPU.ActiveCfg = Debug|Any CPU
		{0AAD57DA-924B-4CD8-A047-E9893EE85A0A}.Debug|Any CPU.Build.0 = Debug|Any CPU
		{0AAD57DA-924B-4CD8-A047-E9893EE85A0A}.Release|Any CPU.ActiveCfg = Release|Any CPU
		{0AAD57DA-924B-4CD8-A047-E9893EE85A0A}.Release|Any CPU.Build.0 = Release|Any CPU
	EndGlobalSection
	GlobalSection(SolutionProperties) = preSolution
		HideSolutionNode = FALSE
	EndGlobalSection
	GlobalSection(ExtensibilityGlobals) = postSolution
		SolutionGuid = {262DA251-60A5-43AC-A1D9-5A5F7A327062}
	EndGlobalSection
EndGlobal
